
Microsoft Visual Studio Solution File, Format Version 12.00
# Visual Studio Version 17
VisualStudioVersion = 17.9.34622.214
MinimumVisualStudioVersion = 10.0.40219.1
Project("{9A19103F-16F7-4668-BE54-9A1E7A4F7556}") = "SISTEMA-CONTABILIDAD", "SISTEMA-CONTABILIDAD.csproj", "{24A9EA9A-203F-4959-AD9E-531B79B08F2D}"
EndProject
Project("{9A19103F-16F7-4668-BE54-9A1E7A4F7556}") = "DATA", "..\DATA\DATA.csproj", "{DE5CBFED-AAC3-43DD-8840-05968FCD37DC}"
EndProject
Project("{FAE04EC0-301F-11D3-BF4B-00C04F79EFBC}") = "LOGICA", "..\LOGICA\LOGICA.csproj", "{589D57A0-0C69-4EF3-B95A-3B86F1AF013F}"
EndProject
Global
	GlobalSection(SolutionConfigurationPlatforms) = preSolution
		Debug|Any CPU = Debug|Any CPU
		Release|Any CPU = Release|Any CPU
	EndGlobalSection
	GlobalSection(ProjectConfigurationPlatforms) = postSolution
		{24A9EA9A-203F-4959-AD9E-531B79B08F2D}.Debug|Any CPU.ActiveCfg = Debug|Any CPU
		{24A9EA9A-203F-4959-AD9E-531B79B08F2D}.Debug|Any CPU.Build.0 = Debug|Any CPU
		{24A9EA9A-203F-4959-AD9E-531B79B08F2D}.Release|Any CPU.ActiveCfg = Release|Any CPU
		{24A9EA9A-203F-4959-AD9E-531B79B08F2D}.Release|Any CPU.Build.0 = Release|Any CPU
		{DE5CBFED-AAC3-43DD-8840-05968FCD37DC}.Debug|Any CPU.ActiveCfg = Debug|Any CPU
		{DE5CBFED-AAC3-43DD-8840-05968FCD37DC}.Debug|Any CPU.Build.0 = Debug|Any CPU
		{DE5CBFED-AAC3-43DD-8840-05968FCD37DC}.Release|Any CPU.ActiveCfg = Release|Any CPU
		{DE5CBFED-AAC3-43DD-8840-05968FCD37DC}.Release|Any CPU.Build.0 = Release|Any CPU
		{589D57A0-0C69-4EF3-B95A-3B86F1AF013F}.Debug|Any CPU.ActiveCfg = Debug|Any CPU
		{589D57A0-0C69-4EF3-B95A-3B86F1AF013F}.Debug|Any CPU.Build.0 = Debug|Any CPU
		{589D57A0-0C69-4EF3-B95A-3B86F1AF013F}.Release|Any CPU.ActiveCfg = Release|Any CPU
		{589D57A0-0C69-4EF3-B95A-3B86F1AF013F}.Release|Any CPU.Build.0 = Release|Any CPU
	EndGlobalSection
	GlobalSection(SolutionProperties) = preSolution
		HideSolutionNode = FALSE
	EndGlobalSection
	GlobalSection(ExtensibilityGlobals) = postSolution
		SolutionGuid = {C75FBABC-F743-42A4-B6AD-F8057A9932AE}
	EndGlobalSection
EndGlobal
